
Microsoft Visual Studio Solution File, Format Version 12.00
# Visual Studio Version 17
VisualStudioVersion = 17.14.37012.4 d17.14
MinimumVisualStudioVersion = 10.0.40219.1
Project("{FAE04EC0-301F-11D3-BF4B-00C04F79EFBC}") = "ClinicaAPI", "ClinicaAPI\ClinicaAPI.csproj", "{A4DEE508-820A-4DDB-895C-640B91B9A844}"
EndProject
Project("{FAE04EC0-301F-11D3-BF4B-00C04F79EFBC}") = "ClinicaAPI.Tests", "ClinicaAPI.Tests\ClinicaAPI.Tests.csproj", "{CD568C58-B733-4337-BD30-961B11BF1FB7}"
EndProject
Global
	GlobalSection(SolutionConfigurationPlatforms) = preSolution
		Debug|Any CPU = Debug|Any CPU
		Release|Any CPU = Release|Any CPU
	EndGlobalSection
	GlobalSection(ProjectConfigurationPlatforms) = postSolution
		{A4DEE508-820A-4DDB-895C-640B91B9A844}.Debug|Any CPU.ActiveCfg = Debug|Any CPU
		{A4DEE508-820A-4DDB-895C-640B91B9A844}.Debug|Any CPU.Build.0 = Debug|Any CPU
		{A4DEE508-820A-4DDB-895C-640B91B9A844}.Release|Any CPU.ActiveCfg = Release|Any CPU
		{A4DEE508-820A-4DDB-895C-640B91B9A844}.Release|Any CPU.Build.0 = Release|Any CPU
		{CD568C58-B733-4337-BD30-961B11BF1FB7}.Debug|Any CPU.ActiveCfg = Debug|Any CPU
		{CD568C58-B733-4337-BD30-961B11BF1FB7}.Debug|Any CPU.Build.0 = Debug|Any CPU
		{CD568C58-B733-4337-BD30-961B11BF1FB7}.Release|Any CPU.ActiveCfg = Release|Any CPU
		{CD568C58-B733-4337-BD30-961B11BF1FB7}.Release|Any CPU.Build.0 = Release|Any CPU
	EndGlobalSection
	GlobalSection(SolutionProperties) = preSolution
		HideSolutionNode = FALSE
	EndGlobalSection
	GlobalSection(ExtensibilityGlobals) = postSolution
		SolutionGuid = {99C9EEE5-9EC6-46EB-8D6B-079A2C558672}
	EndGlobalSection
EndGlobal
